
Microsoft Visual Studio Solution File, Format Version 12.00
# Visual Studio Version 17
VisualStudioVersion = 17.0.31919.166
MinimumVisualStudioVersion = 10.0.40219.1
Project("{FAE04EC0-301F-11D3-BF4B-00C04F79EFBC}") = "Models", "Models\Models.csproj", "{0B0D1570-6983-4B79-A4F1-01A2FD2E77D2}"
EndProject
Project("{FAE04EC0-301F-11D3-BF4B-00C04F79EFBC}") = "Models.Tests", "Models.Tests\Models.Tests.csproj", "{FE8CAEAA-2F97-4573-B1EF-2764F49056A1}"
EndProject
Project("{FAE04EC0-301F-11D3-BF4B-00C04F79EFBC}") = "HallucinationLab", "HallucinationLab\HallucinationLab.csproj", "{7D660CA2-5C2B-4D2B-96FD-7990EF37CBEA}"
EndProject
Global
	GlobalSection(SolutionConfigurationPlatforms) = preSolution
		Debug|Any CPU = Debug|Any CPU
		Debug|x64 = Debug|x64
		Debug|x86 = Debug|x86
		Release|Any CPU = Release|Any CPU
		Release|x64 = Release|x64
		Release|x86 = Release|x86
	EndGlobalSection
	GlobalSection(ProjectConfigurationPlatforms) = postSolution
		{0B0D1570-6983-4B79-A4F1-01A2FD2E77D2}.Debug|Any CPU.ActiveCfg = Debug|Any CPU
		{0B0D1570-6983-4B79-A4F1-01A2FD2E77D2}.Debug|Any CPU.Build.0 = Debug|Any CPU
		{0B0D1570-6983-4B79-A4F1-01A2FD2E77D2}.Debug|x64.ActiveCfg = Debug|Any CPU
		{0B0D1570-6983-4B79-A4F1-01A2FD2E77D2}.Debug|x64.Build.0 = Debug|Any CPU
		{0B0D1570-6983-4B79-A4F1-01A2FD2E77D2}.Debug|x86.ActiveCfg = Debug|Any CPU
		{0B0D1570-6983-4B79-A4F1-01A2FD2E77D2}.Debug|x86.Build.0 = Debug|Any CPU
		{0B0D1570-6983-4B79-A4F1-01A2FD2E77D2}.Release|Any CPU.ActiveCfg = Release|Any CPU
		{0B0D1570-6983-4B79-A4F1-01A2FD2E77D2}.Release|Any CPU.Build.0 = Release|Any CPU
		{0B0D1570-6983-4B79-A4F1-01A2FD2E77D2}.Release|x64.ActiveCfg = Release|Any CPU
		{0B0D1570-6983-4B79-A4F1-01A2FD2E77D2}.Release|x64.Build.0 = Release|Any CPU
		{0B0D1570-6983-4B79-A4F1-01A2FD2E77D2}.Release|x86.ActiveCfg = Release|Any CPU
		{0B0D1570-6983-4B79-A4F1-01A2FD2E77D2}.Release|x86.Build.0 = Release|Any CPU
		{FE8CAEAA-2F97-4573-B1EF-2764F49056A1}.Debug|Any CPU.ActiveCfg = Debug|Any CPU
		{FE8CAEAA-2F97-4573-B1EF-2764F49056A1}.Debug|Any CPU.Build.0 = Debug|Any CPU
		{FE8CAEAA-2F97-4573-B1EF-2764F49056A1}.Debug|x64.ActiveCfg = Debug|Any CPU
		{FE8CAEAA-2F97-4573-B1EF-2764F49056A1}.Debug|x64.Build.0 = Debug|Any CPU
		{FE8CAEAA-2F97-4573-B1EF-2764F49056A1}.Debug|x86.ActiveCfg = Debug|Any CPU
		{FE8CAEAA-2F97-4573-B1EF-2764F49056A1}.Debug|x86.Build.0 = Debug|Any CPU
		{FE8CAEAA-2F97-4573-B1EF-2764F49056A1}.Release|Any CPU.ActiveCfg = Release|Any CPU
		{FE8CAEAA-2F97-4573-B1EF-2764F49056A1}.Release|Any CPU.Build.0 = Release|Any CPU
		{FE8CAEAA-2F97-4573-B1EF-2764F49056A1}.Release|x64.ActiveCfg = Release|Any CPU
		{FE8CAEAA-2F97-4573-B1EF-2764F49056A1}.Release|x64.Build.0 = Release|Any CPU
		{FE8CAEAA-2F97-4573-B1EF-2764F49056A1}.Release|x86.ActiveCfg = Release|Any CPU
		{FE8CAEAA-2F97-4573-B1EF-2764F49056A1}.Release|x86.Build.0 = Release|Any CPU
		{7D660CA2-5C2B-4D2B-96FD-7990EF37CBEA}.Debug|Any CPU.ActiveCfg = Debug|Any CPU
		{7D660CA2-5C2B-4D2B-96FD-7990EF37CBEA}.Debug|Any CPU.Build.0 = Debug|Any CPU
		{7D660CA2-5C2B-4D2B-96FD-7990EF37CBEA}.Debug|x64.ActiveCfg = Debug|Any CPU
		{7D660CA2-5C2B-4D2B-96FD-7990EF37CBEA}.Debug|x64.Build.0 = Debug|Any CPU
		{7D660CA2-5C2B-4D2B-96FD-7990EF37CBEA}.Debug|x86.ActiveCfg = Debug|Any CPU
		{7D660CA2-5C2B-4D2B-96FD-7990EF37CBEA}.Debug|x86.Build.0 = Debug|Any CPU
		{7D660CA2-5C2B-4D2B-96FD-7990EF37CBEA}.Release|Any CPU.ActiveCfg = Release|Any CPU
		{7D660CA2-5C2B-4D2B-96FD-7990EF37CBEA}.Release|Any CPU.Build.0 = Release|Any CPU
		{7D660CA2-5C2B-4D2B-96FD-7990EF37CBEA}.Release|x64.ActiveCfg = Release|Any CPU
		{7D660CA2-5C2B-4D2B-96FD-7990EF37CBEA}.Release|x64.Build.0 = Release|Any CPU
		{7D660CA2-5C2B-4D2B-96FD-7990EF37CBEA}.Release|x86.ActiveCfg = Release|Any CPU
		{7D660CA2-5C2B-4D2B-96FD-7990EF37CBEA}.Release|x86.Build.0 = Release|Any CPU
	EndGlobalSection
	GlobalSection(SolutionProperties) = preSolution
		HideSolutionNode = FALSE
	EndGlobalSection
EndGlobal
